{
  "name": "node-ginlong",
  "version": "0.8.0",
  "lockfileVersion": 1,
  "requires": true,
  "dependencies": {
    "async": {
      "version": "3.1.0",
      "resolved": "https://registry.npmjs.org/async/-/async-3.1.0.tgz",
      "integrity": "sha512-4vx/aaY6j/j3Lw3fbCHNWP0pPaTCew3F6F3hYyl/tHs/ndmV1q7NW9T5yuJ2XAGwdQrP+6Wu20x06U4APo/iQQ=="
    },
    "binary-parser": {
      "version": "1.5.0",
      "resolved": "https://registry.npmjs.org/binary-parser/-/binary-parser-1.5.0.tgz",
      "integrity": "sha512-z+hqNSnO7trFDPLihjUGTwlSTbcIzLYSCwnbiasFkRvCIY9F3ZTex7Mlm9UAP3w5mfHD3KxejnWFPJjtsVVMuw=="
    },
    "lokijs": {
      "version": "1.5.8",
      "resolved": "https://registry.npmjs.org/lokijs/-/lokijs-1.5.8.tgz",
      "integrity": "sha512-D8E3TBrY35o1ELnonp2MF8b3wKu2tVNl2TqRjvS+95oPMMe7OoIAxNY1qr+5BEZwnWn2V4ErAjVt000DonM+FA=="
    },
    "readline": {
      "version": "1.3.0",
      "resolved": "https://registry.npmjs.org/readline/-/readline-1.3.0.tgz",
      "integrity": "sha1-xYDXfvLPyHUrEySYBg3JeTp6wBw="
    }
  }
}
